{
  "name": "browser",
  "version": "1.0.0",
  "lockfileVersion": 3,
  "requires": true,
  "packages": {
    "": {
      "name": "browser",
      "version": "1.0.0",
      "license": "ISC",
      "dependencies": {
        "@bytecodealliance/preview2-shim": "^0.19.0",
        "es-module-shims": "^2.8.2"
      }
    },
    "node_modules/@bytecodealliance/preview2-shim": {
      "version": "0.19.0",
      "resolved": "https://registry.npmjs.org/@bytecodealliance/preview2-shim/-/preview2-shim-0.19.0.tgz",
      "integrity": "sha512-OSUlcM62fXLuzYP0DjBn/SwjKMZ/y/2PMXZ8v5cRiiFcroauntlPRl/oCnx0xYjYiqdYvE0PY50VCNutll0xOw==",
      "license": "(Apache-2.0 WITH LLVM-exception)"
    },
    "node_modules/es-module-shims": {
      "version": "2.8.2",
      "resolved": "https://registry.npmjs.org/es-module-shims/-/es-module-shims-2.8.2.tgz",
      "integrity": "sha512-Re3rc7Fu8zrN2lD6ExQo+9SS1o2hai0DSLuC/m6R09A84DTL6SSKO+/s3JzKN648yxxdjJfuyFLSpsgr5kb0KA==",
      "license": "MIT"
    }
  }
}
